lockfileVersion: '9.0'

settings:
  autoInstallPeers: true
  excludeLinksFromLockfile: false

importers:

  .:
    dependencies:
      '@near-js/accounts':
        specifier: ^2.0.1
        version: 2.0.1(94f60b238a57a2159112ee1ca73e0c5d)
      '@near-js/crypto':
        specifier: ^2.0.1
        version: 2.0.1(@near-js/types@2.0.1)(@near-js/utils@2.0.1(@near-js/types@2.0.1))
      '@near-js/keystores-node':
        specifier: ^2.0.1
        version: 2.0.1(@near-js/crypto@2.0.1(@near-js/types@2.0.1)(@near-js/utils@2.0.1(@near-js/types@2.0.1)))(@near-js/keystores@2.0.1(@near-js/crypto@2.0.1(@near-js/types@2.0.1)(@near-js/utils@2.0.1(@near-js/types@2.0.1)))(@near-js/types@2.0.1))
      '@near-js/providers':
        specifier: ^2.0.1
        version: 2.0.1(@near-js/crypto@2.0.1(@near-js/types@2.0.1)(@near-js/utils@2.0.1(@near-js/types@2.0.1)))(@near-js/transactions@2.0.1(@near-js/crypto@2.0.1(@near-js/types@2.0.1)(@near-js/utils@2.0.1(@near-js/types@2.0.1)))(@near-js/types@2.0.1)(@near-js/utils@2.0.1(@near-js/types@2.0.1)))(@near-js/types@2.0.1)(@near-js/utils@2.0.1(@near-js/types@2.0.1))
      '@near-js/signers':
        specifier: ^2.0.1
        version: 2.0.1(@near-js/crypto@2.0.1(@near-js/types@2.0.1)(@near-js/utils@2.0.1(@near-js/types@2.0.1)))(@near-js/keystores@2.0.1(@near-js/crypto@2.0.1(@near-js/types@2.0.1)(@near-js/utils@2.0.1(@near-js/types@2.0.1)))(@near-js/types@2.0.1))(@near-js/transactions@2.0.1(@near-js/crypto@2.0.1(@near-js/types@2.0.1)(@near-js/utils@2.0.1(@near-js/types@2.0.1)))(@near-js/types@2.0.1)(@near-js/utils@2.0.1(@near-js/types@2.0.1)))
      '@near-js/tokens':
        specifier: ^2.0.1
        version: 2.0.1
      '@near-js/transactions':
        specifier: ^2.0.1
        version: 2.0.1(@near-js/crypto@2.0.1(@near-js/types@2.0.1)(@near-js/utils@2.0.1(@near-js/types@2.0.1)))(@near-js/types@2.0.1)(@near-js/utils@2.0.1(@near-js/types@2.0.1))
      '@near-js/utils':
        specifier: ^2.0.1
        version: 2.0.1(@near-js/types@2.0.1)
      borsh:
        specifier: 2.0.0
        version: 2.0.0
      dotenv:
        specifier: ^16.4.7
        version: 16.4.7
      js-sha256:
        specifier: ^0.11.0
        version: 0.11.0
      near-seed-phrase:
        specifier: ^0.2.1
        version: 0.2.1

packages:

  '@near-js/accounts@2.0.1':
    resolution: {integrity: sha512-RLkE4Fta5ip0IXcr0fQEBir5pZN+yInAqetDvW1XEjxMeW14WvCGYNouuhOQq13jvUmSsWG95PEke6zUsUswLg==}
    peerDependencies:
      '@near-js/crypto': ^2.0.1
      '@near-js/providers': ^2.0.1
      '@near-js/signers': ^2.0.1
      '@near-js/transactions': ^2.0.1
      '@near-js/types': ^2.0.1
      '@near-js/utils': ^2.0.1

  '@near-js/crypto@2.0.1':
    resolution: {integrity: sha512-UyH0by2a2XR4i1SctuwWprWpsLIL8uGX/XUbTxMAqOxbPWwvt/DGuG/eZFLoEQPyfuU5nLwkVuovrJXH/xSttA==}
    peerDependencies:
      '@near-js/types': ^2.0.1
      '@near-js/utils': ^2.0.1

  '@near-js/keystores-node@2.0.1':
    resolution: {integrity: sha512-CbAne0McTuQLcnAFqbmPrE1C4n36AO5QY0b+sLbl1y5CXMIVaRcGUEywq3brlNaHSh7U3oajMRthbl5mVg/xtA==}
    peerDependencies:
      '@near-js/crypto': ^2.0.1
      '@near-js/keystores': ^2.0.1

  '@near-js/keystores@2.0.1':
    resolution: {integrity: sha512-KqUAGwCU+0N04jmFTGfnrMo3G3wZWvNUNH2Soaxm+mUfKjjo1Q5eGicSCVfsUU0v8x04uPta4RfMHFh7aN3/Cg==}
    peerDependencies:
      '@near-js/crypto': ^2.0.1
      '@near-js/types': ^2.0.1

  '@near-js/providers@2.0.1':
    resolution: {integrity: sha512-SUWhm9F9mXU2l4tPtRL+WSBYT+CR/yC60YARlI107Pes7kHKHomWC9lU30M2u0W6cWALrGZKEL5nLpTIpDMGWQ==}
    peerDependencies:
      '@near-js/crypto': ^2.0.1
      '@near-js/transactions': ^2.0.1
      '@near-js/types': ^2.0.1
      '@near-js/utils': ^2.0.1

  '@near-js/signers@2.0.1':
    resolution: {integrity: sha512-ip9R4zmqo4HFlV+k7iXLCth0UkbHw8bV+WSKc5XaIqkgO2BGiUaV+Y6L/3qqCC8Gga/VPDXQtdV38JjcNuHS2w==}
    peerDependencies:
      '@near-js/crypto': ^2.0.1
      '@near-js/keystores': ^2.0.1
      '@near-js/transactions': ^2.0.1

  '@near-js/tokens@2.0.1':
    resolution: {integrity: sha512-Ghb/PV75HGF3lSCh4PP7veFtJreNCEnblSlmy4+Jwu69bxhGjvgsoyUqAfkRalvk/guz4TNGiG4fA4GBkOK7mQ==}

  '@near-js/transactions@2.0.1':
    resolution: {integrity: sha512-dDS8U0WrtKzEUFiCMQlwS2MDouRIBujNzz+hsafJHMSJ5aT8aFpzHTaQqo17zKF6sOk+QbA+PQFp90G76aWF3A==}
    peerDependencies:
      '@near-js/crypto': ^2.0.1
      '@near-js/types': ^2.0.1
      '@near-js/utils': ^2.0.1

  '@near-js/types@2.0.1':
    resolution: {integrity: sha512-kXvAqp8oAc9vnhIlUCazfMx/eHhbyBPA0R0rwZ7ItbdV9tuQhI+lbf3C0EHcCG7NgopDLmf5MpbeIqgOcU3iMg==}

  '@near-js/utils@2.0.1':
    resolution: {integrity: sha512-/i8DF5s/cEW77I2iA2SuTpvbG8j4F9ieiO8visCGp5wrjWepSlxWl0B2DxXRlNLkvTui5k8aK9VWTxGK6uni6Q==}
    peerDependencies:
      '@near-js/types': ^2.0.1

  '@noble/curves@1.8.1':
    resolution: {integrity: sha512-warwspo+UYUPep0Q+vtdVB4Ugn8GGQj8iyB3gnRWsztmUHTI3S1nhdiWNsPUGL0vud7JlRRk1XEu7Lq1KGTnMQ==}
    engines: {node: ^14.21.3 || >=16}

  '@noble/hashes@1.7.1':
    resolution: {integrity: sha512-B8XBPsn4vT/KJAGqDzbwztd+6Yte3P4V7iafm24bxgDe/mlRuK6xmWPuCNrKt2vDafZ8MfJLlchDG/vYafQEjQ==}
    engines: {node: ^14.21.3 || >=16}

  '@scure/base@1.2.5':
    resolution: {integrity: sha512-9rE6EOVeIQzt5TSu4v+K523F8u6DhBsoZWPGKlnCshhlDhy0kJzUX4V+tr2dWmzF1GdekvThABoEQBGBQI7xZw==}

  '@types/json-schema@7.0.15':
    resolution: {integrity: sha512-5+fP8P8MFNC+AyZCDxrB2pkZFPGzqQWUzpSeuuVLvm8VMcorNYavBqoFcxK8bQz4Qsbn4oUEEem4wDLfcysGHA==}

  '@types/node@11.11.6':
    resolution: {integrity: sha512-Exw4yUWMBXM3X+8oqzJNRqZSwUAaS4+7NdvHqQuFi/d+synz++xmX3QIf+BFqneW8N31R8Ky+sikfZUXq07ggQ==}

  base-x@3.0.10:
    resolution: {integrity: sha512-7d0s06rR9rYaIWHkpfLIFICM/tkSVdoPC9qYAQRpxn9DdKNWNsKC0uk++akckyLq16Tx2WIinnZ6WRriAt6njQ==}

  bip39-light@1.0.7:
    resolution: {integrity: sha512-WDTmLRQUsiioBdTs9BmSEmkJza+8xfJmptsNJjxnoq3EydSa/ZBXT6rm66KoT3PJIRYMnhSKNR7S9YL1l7R40Q==}

  bip39@3.0.2:
    resolution: {integrity: sha512-J4E1r2N0tUylTKt07ibXvhpT2c5pyAFgvuA5q1H9uDy6dEGpjV8jmymh3MTYJDLCNbIVClSB9FbND49I6N24MQ==}

  bn.js@4.12.2:
    resolution: {integrity: sha512-n4DSx829VRTRByMRGdjQ9iqsN0Bh4OolPsFnaZBLcbi8iXcB+kJ9s7EnRt4wILZNV3kPLHkRVfOc/HvhC3ovDw==}

  borsh@1.0.0:
    resolution: {integrity: sha512-fSVWzzemnyfF89EPwlUNsrS5swF5CrtiN4e+h0/lLf4dz2he4L3ndM20PS9wj7ICSkXJe/TQUHdaPTq15b1mNQ==}

  borsh@2.0.0:
    resolution: {integrity: sha512-kc9+BgR3zz9+cjbwM8ODoUB4fs3X3I5A/HtX7LZKxCLaMrEeDFoBpnhZY//DTS1VZBSs6S5v46RZRbZjRFspEg==}

  brorand@1.1.0:
    resolution: {integrity: sha512-cKV8tMCEpQs4hK/ik71d6LrPOnpkpGBR0wzxqr68g2m/LB2GxVYQroAjMJZRVM1Y4BCjCKc3vAamxSzOY2RP+w==}

  bs58@4.0.1:
    resolution: {integrity: sha512-Ok3Wdf5vOIlBrgCvTq96gBkJw+JUEzdBgyaza5HLtPm7yTHkjRy8+JzNyHF7BHa0bNWOQIp3m5YF0nnFcOIKLw==}

  cipher-base@1.0.6:
    resolution: {integrity: sha512-3Ek9H3X6pj5TgenXYtNWdaBon1tgYCaebd+XPg0keyjEbEfkD4KkmAxkQ/i1vYvxdcT5nscLBfq9VJRmCBcFSw==}
    engines: {node: '>= 0.10'}

  create-hash@1.2.0:
    resolution: {integrity: sha512-z00bCGNHDG8mHAkP7CtT1qVu+bFQUPjYq/4Iv3C3kWjTFV10zIjfSoeqXo9Asws8gwSHDGj/hl2u4OGIjapeCg==}

  create-hmac@1.1.7:
    resolution: {integrity: sha512-MJG9liiZ+ogc4TzUwuvbER1JRdgvUFSB5+VR/g5h82fGaIRWMWddtKBHi7/sVhfjQZ6SehlyhvQYrcYkaUIpLg==}

  depd@2.0.0:
    resolution: {integrity: sha512-g7nH6P6dyDioJogAAGprGpCtVImJhpPk/roCzdb3fIh61/s/nPsfR6onyMwkCAR/OlC3yBC0lESvUoQEAssIrw==}
    engines: {node: '>= 0.8'}

  dotenv@16.4.7:
    resolution: {integrity: sha512-47qPchRCykZC03FhkYAhrvwU4xDBFIj1QPqaarj6mdM/hgUzfPHcpkHJOn3mJAufFeeAxAzeGsr5X0M4k6fLZQ==}
    engines: {node: '>=12'}

  elliptic@6.6.1:
    resolution: {integrity: sha512-RaddvvMatK2LJHqFJ+YA4WysVN5Ita9E35botqIYspQ4TkRAlCicdzKOjlyv/1Za5RyTNn7di//eEV0uTAfe3g==}

  exponential-backoff@3.1.2:
    resolution: {integrity: sha512-8QxYTVXUkuy7fIIoitQkPwGonB8F3Zj8eEO8Sqg9Zv/bkI7RJAzowee4gr81Hak/dUTpA2Z7VfQgoijjPNlUZA==}

  generate-function@2.3.1:
    resolution: {integrity: sha512-eeB5GfMNeevm/GRYq20ShmsaGcmI81kIX2K9XQx5miC8KdHaC6Jm0qQ8ZNeGOi7wYB8OsdxKs+Y2oVuTFuVwKQ==}

  generate-object-property@1.2.0:
    resolution: {integrity: sha512-TuOwZWgJ2VAMEGJvAyPWvpqxSANF0LDpmyHauMjFYzaACvn+QTT/AZomvPCzVBV7yDN3OmwHQ5OvHaeLKre3JQ==}

  hash-base@3.1.0:
    resolution: {integrity: sha512-1nmYp/rhMDiE7AYkDw+lLwlAzz0AntGIe51F3RfFfEqyQ3feY2eI/NcwC6umIQVOASPMsWJLJScWKSSvzL9IVA==}
    engines: {node: '>=4'}

  hash.js@1.1.7:
    resolution: {integrity: sha512-taOaskGt4z4SOANNseOviYDvjEJinIkRgmp7LbKP2YTTmVxWBl87s/uzK9r+44BclBSp2X7K1hqeNfz9JbBeXA==}

  hmac-drbg@1.0.1:
    resolution: {integrity: sha512-Tti3gMqLdZfhOQY1Mzf/AanLiqh1WTiJgEj26ZuYQ9fbkLomzGchCws4FyrSd4VkpBfiNhaE1On+lOz894jvXg==}

  inherits@2.0.4:
    resolution: {integrity: sha512-k/vGaX4/Yla3WzyMCvTQOXYeIHvqOKtnqBduzTHpzpQZzAskKMhZ2K+EnBiSM9zGSoIFeMpXKxa4dYeZIQqewQ==}

  is-my-ip-valid@1.0.1:
    resolution: {integrity: sha512-jxc8cBcOWbNK2i2aTkCZP6i7wkHF1bqKFrwEHuN5Jtg5BSaZHUZQ/JTOJwoV41YvHnOaRyWWh72T/KvfNz9DJg==}

  is-my-json-valid@2.20.6:
    resolution: {integrity: sha512-1JQwulVNjx8UqkPE/bqDaxtH4PXCe/2VRh/y3p99heOV87HG4Id5/VfDswd+YiAfHcRTfDlWgISycnHuhZq1aw==}

  is-property@1.0.2:
    resolution: {integrity: sha512-Ks/IoX00TtClbGQr4TWXemAnktAQvYB7HzcCxDGqEZU6oCmb2INHuOoKxbtR+HFkmYWBKv/dOZtGRiAjDhj92g==}

  js-sha256@0.11.0:
    resolution: {integrity: sha512-6xNlKayMZvds9h1Y1VWc0fQHQ82BxTXizWPEtEeGvmOUYpBRy4gbWroHLpzowe6xiQhHpelCQiE7HEdznyBL9Q==}

  jsonpointer@5.0.1:
    resolution: {integrity: sha512-p/nXbhSEcu3pZRdkW1OfJhpsVtW1gd4Wa1fnQc9YLiTfAjn0312eMKimbdIQzuZl9aa9xUGaRlP9T/CJE/ditQ==}
    engines: {node: '>=0.10.0'}

  lru_map@0.4.1:
    resolution: {integrity: sha512-I+lBvqMMFfqaV8CJCISjI3wbjmwVu/VyOoU7+qtu9d7ioW5klMgsTTiUOUp+DJvfTTzKXoPbyC6YfgkNcyPSOg==}

  md5.js@1.3.5:
    resolution: {integrity: sha512-xitP+WxNPcTTOgnTJcrhM0xvdPepipPSf3I8EIpGKeFLjt3PlJLIDG3u8EX53ZIubkb+5U2+3rELYpEhHhzdkg==}

  minimalistic-assert@1.0.1:
    resolution: {integrity: sha512-UtJcAD4yEaGtjPezWuO9wC4nwUnVH/8/Im3yEHQP4b67cXlD/Qr9hdITCU1xDbSEXg2XKNaP8jsReV7vQd00/A==}

  minimalistic-crypto-utils@1.0.1:
    resolution: {integrity: sha512-JIYlbt6g8i5jKfJ3xz7rF0LXmv2TkDxBLUkiBeZ7bAx4GnnNMr8xFpGnOxn6GhTEHx3SjRrZEoU+j04prX1ktg==}

  mustache@4.0.0:
    resolution: {integrity: sha512-FJgjyX/IVkbXBXYUwH+OYwQKqWpFPLaLVESd70yHjSDunwzV2hZOoTBvPf4KLoxesUzzyfTH6F784Uqd7Wm5yA==}
    engines: {npm: '>=1.4.0'}
    hasBin: true

  near-abi@0.2.0:
    resolution: {integrity: sha512-kCwSf/3fraPU2zENK18sh+kKG4uKbEUEQdyWQkmW8ZofmLarObIz2+zAYjA1teDZLeMvEQew3UysnPDXgjneaA==}

  near-hd-key@1.2.1:
    resolution: {integrity: sha512-SIrthcL5Wc0sps+2e1xGj3zceEa68TgNZDLuCx0daxmfTP7sFTB3/mtE2pYhlFsCxWoMn+JfID5E1NlzvvbRJg==}

  near-seed-phrase@0.2.1:
    resolution: {integrity: sha512-feMuums+kVL3LSuPcP4ld07xHCb2mu6z48SGfP3W+8tl1Qm5xIcjiQzY2IDPBvFgajRDxWSb8GzsRHoInazByw==}

  node-addon-api@5.1.0:
    resolution: {integrity: sha512-eh0GgfEkpnoWDq+VY8OyvYhFEzBk6jIYbRKdIlyTiAXIVJ8PyBaKb0rp7oDtoddbdoHWhq8wwr+XZ81F1rpNdA==}

  node-fetch@2.6.7:
    resolution: {integrity: sha512-ZjMPFEfVx5j+y2yF35Kzx5sF7kDzxuDj6ziH4FFbOp87zKDZNx8yExJIb05OGF4Nlt9IHFIMBkRl41VdvcNdbQ==}
    engines: {node: 4.x || >=6.0.0}
    peerDependencies:
      encoding: ^0.1.0
    peerDependenciesMeta:
      encoding:
        optional: true

  node-gyp-build@4.8.4:
    resolution: {integrity: sha512-LA4ZjwlnUblHVgq0oBF3Jl/6h/Nvs5fzBLwdEF4nuxnFdsfajde4WfxtJr3CaiH+F6ewcIB/q4jQ4UzPyid+CQ==}
    hasBin: true

  pbkdf2@3.1.2:
    resolution: {integrity: sha512-iuh7L6jA7JEGu2WxDwtQP1ddOpaJNC4KlDEFfdQajSGgGPNi4OyDc2R7QnbY2bR9QjBVGwgvTdNJZoE7RaxUMA==}
    engines: {node: '>=0.12'}

  randombytes@2.1.0:
    resolution: {integrity: sha512-vYl3iOX+4CKUWuxGi9Ukhie6fsqXqS9FE2Zaic4tNFD2N2QQaXOMFbuKK4QmDHC0JO6B1Zp41J0LpT0oR68amQ==}

  readable-stream@3.6.2:
    resolution: {integrity: sha512-9u/sniCrY3D5WdsERHzHE4G2YCXqoG5FTHUiCC4SIbr6XcLZBY05ya9EKjYek9O5xOAwjGq+1JdGBAS7Q9ScoA==}
    engines: {node: '>= 6'}

  ripemd160@2.0.2:
    resolution: {integrity: sha512-ii4iagi25WusVoiC4B4lq7pbXfAp3D9v5CwfkY33vffw2+pkDjY1D8GaN7spsxvCSx8dkPqOZCEZyfxcmJG2IA==}

  safe-buffer@5.2.1:
    resolution: {integrity: sha512-rp3So07KcdmmKbGvgaNxQSJr7bGVSVk5S9Eq1F+ppbRo70+YeaDxkw5Dd8NPN+GD6bjnYm2VuPuCXmpuYvmCXQ==}

  secp256k1@5.0.1:
    resolution: {integrity: sha512-lDFs9AAIaWP9UCdtWrotXWWF9t8PWgQDcxqgAnpM9rMqxb3Oaq2J0thzPVSxBwdJgyQtkU/sYtFtbM1RSt/iYA==}
    engines: {node: '>=18.0.0'}

  sha.js@2.4.11:
    resolution: {integrity: sha512-QMEp5B7cftE7APOjk5Y6xgrbWu+WkLVQwk8JNjZ8nKRciZaByEW6MubieAiToS7+dwvrjGhH8jRXz3MVd0AYqQ==}
    hasBin: true

  string_decoder@1.3.0:
    resolution: {integrity: sha512-hkRX8U1WjJFd8LsDJ2yQ/wWWxaopEsABU1XfkM8A+j0+85JAGppt16cr1Whg6KIbb4okU6Mql6BOj+uup/wKeA==}

  tr46@0.0.3:
    resolution: {integrity: sha512-N3WMsuqV66lT30CrXNbEjx4GEwlow3v6rr4mCcv6prnfwhS01rkgyFdjPNBYd9br7LpXV1+Emh01fHnq2Gdgrw==}

  tweetnacl@1.0.3:
    resolution: {integrity: sha512-6rt+RN7aOi1nGMyC4Xa5DdYiukl2UWCbcJft7YhxReBGQD7OAM8Pbxw6YMo4r2diNEA8FEmu32YOn9rhaiE5yw==}

  util-deprecate@1.0.2:
    resolution: {integrity: sha512-EPD5q1uXyFxJpCrLnCc1nHnq3gOa6DZBocAIiI2TaSCA7VCJ1UJDMagCzIkXNsUYfD1daK//LTEQ8xiIbrHtcw==}

  webidl-conversions@3.0.1:
    resolution: {integrity: sha512-2JAn3z8AR6rjK8Sm8orRC0h/bcl/DqL7tRPdGZ4I1CjdF+EaMLmYxBHyXuKL849eucPFhvBoxMsflfOb8kxaeQ==}

  whatwg-url@5.0.0:
    resolution: {integrity: sha512-saE57nupxk6v3HY35+jzBwYa0rKSy0XR8JSxZPwgLr7ys0IBzhGviA1/TUGJLmSVqs8pb9AnvICXEuOHLprYTw==}

  xtend@4.0.2:
    resolution: {integrity: sha512-LKYU1iAXJXUgAXn9URjiu+MWhyUXHsvfp7mcuYm9dSUKK0/CjtrUwFAxD82/mCWbtLsGjFIad0wIsod4zrTAEQ==}
    engines: {node: '>=0.4'}

snapshots:

  '@near-js/accounts@2.0.1(94f60b238a57a2159112ee1ca73e0c5d)':
    dependencies:
      '@near-js/crypto': 2.0.1(@near-js/types@2.0.1)(@near-js/utils@2.0.1(@near-js/types@2.0.1))
      '@near-js/providers': 2.0.1(@near-js/crypto@2.0.1(@near-js/types@2.0.1)(@near-js/utils@2.0.1(@near-js/types@2.0.1)))(@near-js/transactions@2.0.1(@near-js/crypto@2.0.1(@near-js/types@2.0.1)(@near-js/utils@2.0.1(@near-js/types@2.0.1)))(@near-js/types@2.0.1)(@near-js/utils@2.0.1(@near-js/types@2.0.1)))(@near-js/types@2.0.1)(@near-js/utils@2.0.1(@near-js/types@2.0.1))
      '@near-js/signers': 2.0.1(@near-js/crypto@2.0.1(@near-js/types@2.0.1)(@near-js/utils@2.0.1(@near-js/types@2.0.1)))(@near-js/keystores@2.0.1(@near-js/crypto@2.0.1(@near-js/types@2.0.1)(@near-js/utils@2.0.1(@near-js/types@2.0.1)))(@near-js/types@2.0.1))(@near-js/transactions@2.0.1(@near-js/crypto@2.0.1(@near-js/types@2.0.1)(@near-js/utils@2.0.1(@near-js/types@2.0.1)))(@near-js/types@2.0.1)(@near-js/utils@2.0.1(@near-js/types@2.0.1)))
      '@near-js/tokens': 2.0.1
      '@near-js/transactions': 2.0.1(@near-js/crypto@2.0.1(@near-js/types@2.0.1)(@near-js/utils@2.0.1(@near-js/types@2.0.1)))(@near-js/types@2.0.1)(@near-js/utils@2.0.1(@near-js/types@2.0.1))
      '@near-js/types': 2.0.1
      '@near-js/utils': 2.0.1(@near-js/types@2.0.1)
      '@noble/hashes': 1.7.1
      borsh: 1.0.0
      depd: 2.0.0
      is-my-json-valid: 2.20.6
      lru_map: 0.4.1
      near-abi: 0.2.0

  '@near-js/crypto@2.0.1(@near-js/types@2.0.1)(@near-js/utils@2.0.1(@near-js/types@2.0.1))':
    dependencies:
      '@near-js/types': 2.0.1
      '@near-js/utils': 2.0.1(@near-js/types@2.0.1)
      '@noble/curves': 1.8.1
      borsh: 1.0.0
      randombytes: 2.1.0
      secp256k1: 5.0.1

  '@near-js/keystores-node@2.0.1(@near-js/crypto@2.0.1(@near-js/types@2.0.1)(@near-js/utils@2.0.1(@near-js/types@2.0.1)))(@near-js/keystores@2.0.1(@near-js/crypto@2.0.1(@near-js/types@2.0.1)(@near-js/utils@2.0.1(@near-js/types@2.0.1)))(@near-js/types@2.0.1))':
    dependencies:
      '@near-js/crypto': 2.0.1(@near-js/types@2.0.1)(@near-js/utils@2.0.1(@near-js/types@2.0.1))
      '@near-js/keystores': 2.0.1(@near-js/crypto@2.0.1(@near-js/types@2.0.1)(@near-js/utils@2.0.1(@near-js/types@2.0.1)))(@near-js/types@2.0.1)

  '@near-js/keystores@2.0.1(@near-js/crypto@2.0.1(@near-js/types@2.0.1)(@near-js/utils@2.0.1(@near-js/types@2.0.1)))(@near-js/types@2.0.1)':
    dependencies:
      '@near-js/crypto': 2.0.1(@near-js/types@2.0.1)(@near-js/utils@2.0.1(@near-js/types@2.0.1))
      '@near-js/types': 2.0.1

  '@near-js/providers@2.0.1(@near-js/crypto@2.0.1(@near-js/types@2.0.1)(@near-js/utils@2.0.1(@near-js/types@2.0.1)))(@near-js/transactions@2.0.1(@near-js/crypto@2.0.1(@near-js/types@2.0.1)(@near-js/utils@2.0.1(@near-js/types@2.0.1)))(@near-js/types@2.0.1)(@near-js/utils@2.0.1(@near-js/types@2.0.1)))(@near-js/types@2.0.1)(@near-js/utils@2.0.1(@near-js/types@2.0.1))':
    dependencies:
      '@near-js/crypto': 2.0.1(@near-js/types@2.0.1)(@near-js/utils@2.0.1(@near-js/types@2.0.1))
      '@near-js/transactions': 2.0.1(@near-js/crypto@2.0.1(@near-js/types@2.0.1)(@near-js/utils@2.0.1(@near-js/types@2.0.1)))(@near-js/types@2.0.1)(@near-js/utils@2.0.1(@near-js/types@2.0.1))
      '@near-js/types': 2.0.1
      '@near-js/utils': 2.0.1(@near-js/types@2.0.1)
      borsh: 1.0.0
      exponential-backoff: 3.1.2
    optionalDependencies:
      node-fetch: 2.6.7
    transitivePeerDependencies:
      - encoding

  '@near-js/signers@2.0.1(@near-js/crypto@2.0.1(@near-js/types@2.0.1)(@near-js/utils@2.0.1(@near-js/types@2.0.1)))(@near-js/keystores@2.0.1(@near-js/crypto@2.0.1(@near-js/types@2.0.1)(@near-js/utils@2.0.1(@near-js/types@2.0.1)))(@near-js/types@2.0.1))(@near-js/transactions@2.0.1(@near-js/crypto@2.0.1(@near-js/types@2.0.1)(@near-js/utils@2.0.1(@near-js/types@2.0.1)))(@near-js/types@2.0.1)(@near-js/utils@2.0.1(@near-js/types@2.0.1)))':
    dependencies:
      '@near-js/crypto': 2.0.1(@near-js/types@2.0.1)(@near-js/utils@2.0.1(@near-js/types@2.0.1))
      '@near-js/keystores': 2.0.1(@near-js/crypto@2.0.1(@near-js/types@2.0.1)(@near-js/utils@2.0.1(@near-js/types@2.0.1)))(@near-js/types@2.0.1)
      '@near-js/transactions': 2.0.1(@near-js/crypto@2.0.1(@near-js/types@2.0.1)(@near-js/utils@2.0.1(@near-js/types@2.0.1)))(@near-js/types@2.0.1)(@near-js/utils@2.0.1(@near-js/types@2.0.1))
      '@noble/hashes': 1.7.1
      borsh: 1.0.0

  '@near-js/tokens@2.0.1': {}

  '@near-js/transactions@2.0.1(@near-js/crypto@2.0.1(@near-js/types@2.0.1)(@near-js/utils@2.0.1(@near-js/types@2.0.1)))(@near-js/types@2.0.1)(@near-js/utils@2.0.1(@near-js/types@2.0.1))':
    dependencies:
      '@near-js/crypto': 2.0.1(@near-js/types@2.0.1)(@near-js/utils@2.0.1(@near-js/types@2.0.1))
      '@near-js/types': 2.0.1
      '@near-js/utils': 2.0.1(@near-js/types@2.0.1)
      '@noble/hashes': 1.7.1
      borsh: 1.0.0

  '@near-js/types@2.0.1': {}

  '@near-js/utils@2.0.1(@near-js/types@2.0.1)':
    dependencies:
      '@near-js/types': 2.0.1
      '@scure/base': 1.2.5
      depd: 2.0.0
      mustache: 4.0.0

  '@noble/curves@1.8.1':
    dependencies:
      '@noble/hashes': 1.7.1

  '@noble/hashes@1.7.1': {}

  '@scure/base@1.2.5': {}

  '@types/json-schema@7.0.15': {}

  '@types/node@11.11.6': {}

  base-x@3.0.10:
    dependencies:
      safe-buffer: 5.2.1

  bip39-light@1.0.7:
    dependencies:
      create-hash: 1.2.0
      pbkdf2: 3.1.2

  bip39@3.0.2:
    dependencies:
      '@types/node': 11.11.6
      create-hash: 1.2.0
      pbkdf2: 3.1.2
      randombytes: 2.1.0

  bn.js@4.12.2: {}

  borsh@1.0.0: {}

  borsh@2.0.0: {}

  brorand@1.1.0: {}

  bs58@4.0.1:
    dependencies:
      base-x: 3.0.10

  cipher-base@1.0.6:
    dependencies:
      inherits: 2.0.4
      safe-buffer: 5.2.1

  create-hash@1.2.0:
    dependencies:
      cipher-base: 1.0.6
      inherits: 2.0.4
      md5.js: 1.3.5
      ripemd160: 2.0.2
      sha.js: 2.4.11

  create-hmac@1.1.7:
    dependencies:
      cipher-base: 1.0.6
      create-hash: 1.2.0
      inherits: 2.0.4
      ripemd160: 2.0.2
      safe-buffer: 5.2.1
      sha.js: 2.4.11

  depd@2.0.0: {}

  dotenv@16.4.7: {}

  elliptic@6.6.1:
    dependencies:
      bn.js: 4.12.2
      brorand: 1.1.0
      hash.js: 1.1.7
      hmac-drbg: 1.0.1
      inherits: 2.0.4
      minimalistic-assert: 1.0.1
      minimalistic-crypto-utils: 1.0.1

  exponential-backoff@3.1.2: {}

  generate-function@2.3.1:
    dependencies:
      is-property: 1.0.2

  generate-object-property@1.2.0:
    dependencies:
      is-property: 1.0.2

  hash-base@3.1.0:
    dependencies:
      inherits: 2.0.4
      readable-stream: 3.6.2
      safe-buffer: 5.2.1

  hash.js@1.1.7:
    dependencies:
      inherits: 2.0.4
      minimalistic-assert: 1.0.1

  hmac-drbg@1.0.1:
    dependencies:
      hash.js: 1.1.7
      minimalistic-assert: 1.0.1
      minimalistic-crypto-utils: 1.0.1

  inherits@2.0.4: {}

  is-my-ip-valid@1.0.1: {}

  is-my-json-valid@2.20.6:
    dependencies:
      generate-function: 2.3.1
      generate-object-property: 1.2.0
      is-my-ip-valid: 1.0.1
      jsonpointer: 5.0.1
      xtend: 4.0.2

  is-property@1.0.2: {}

  js-sha256@0.11.0: {}

  jsonpointer@5.0.1: {}

  lru_map@0.4.1: {}

  md5.js@1.3.5:
    dependencies:
      hash-base: 3.1.0
      inherits: 2.0.4
      safe-buffer: 5.2.1

  minimalistic-assert@1.0.1: {}

  minimalistic-crypto-utils@1.0.1: {}

  mustache@4.0.0: {}

  near-abi@0.2.0:
    dependencies:
      '@types/json-schema': 7.0.15

  near-hd-key@1.2.1:
    dependencies:
      bip39: 3.0.2
      create-hmac: 1.1.7
      tweetnacl: 1.0.3

  near-seed-phrase@0.2.1:
    dependencies:
      bip39-light: 1.0.7
      bs58: 4.0.1
      near-hd-key: 1.2.1
      tweetnacl: 1.0.3

  node-addon-api@5.1.0: {}

  node-fetch@2.6.7:
    dependencies:
      whatwg-url: 5.0.0
    optional: true

  node-gyp-build@4.8.4: {}

  pbkdf2@3.1.2:
    dependencies:
      create-hash: 1.2.0
      create-hmac: 1.1.7
      ripemd160: 2.0.2
      safe-buffer: 5.2.1
      sha.js: 2.4.11

  randombytes@2.1.0:
    dependencies:
      safe-buffer: 5.2.1

  readable-stream@3.6.2:
    dependencies:
      inherits: 2.0.4
      string_decoder: 1.3.0
      util-deprecate: 1.0.2

  ripemd160@2.0.2:
    dependencies:
      hash-base: 3.1.0
      inherits: 2.0.4

  safe-buffer@5.2.1: {}

  secp256k1@5.0.1:
    dependencies:
      elliptic: 6.6.1
      node-addon-api: 5.1.0
      node-gyp-build: 4.8.4

  sha.js@2.4.11:
    dependencies:
      inherits: 2.0.4
      safe-buffer: 5.2.1

  string_decoder@1.3.0:
    dependencies:
      safe-buffer: 5.2.1

  tr46@0.0.3:
    optional: true

  tweetnacl@1.0.3: {}

  util-deprecate@1.0.2: {}

  webidl-conversions@3.0.1:
    optional: true

  whatwg-url@5.0.0:
    dependencies:
      tr46: 0.0.3
      webidl-conversions: 3.0.1
    optional: true

  xtend@4.0.2: {}
